
Microsoft Visual Studio Solution File, Format Version 12.00
# Visual Studio Version 17
VisualStudioVersion = 17.8.34525.116
MinimumVisualStudioVersion = 10.0.40219.1
Project("{FAE04EC0-301F-11D3-BF4B-00C04F79EFBC}") = "Instansiering", "Instansiering\Instansiering.csproj", "{D013D68B-236F-4344-9452-BC6A5A3D3105}"
EndProject
Global
	GlobalSection(SolutionConfigurationPlatforms) = preSolution
		Debug|Any CPU = Debug|Any CPU
		Release|Any CPU = Release|Any CPU
	EndGlobalSection
	GlobalSection(ProjectConfigurationPlatforms) = postSolution
		{D013D68B-236F-4344-9452-BC6A5A3D3105}.Debug|Any CPU.ActiveCfg = Debug|Any CPU
		{D013D68B-236F-4344-9452-BC6A5A3D3105}.Debug|Any CPU.Build.0 = Debug|Any CPU
		{D013D68B-236F-4344-9452-BC6A5A3D3105}.Release|Any CPU.ActiveCfg = Release|Any CPU
		{D013D68B-236F-4344-9452-BC6A5A3D3105}.Release|Any CPU.Build.0 = Release|Any CPU
	EndGlobalSection
	GlobalSection(SolutionProperties) = preSolution
		HideSolutionNode = FALSE
	EndGlobalSection
	GlobalSection(ExtensibilityGlobals) = postSolution
		SolutionGuid = {9CA479D4-1C88-499F-9B28-122A9C29251F}
	EndGlobalSection
EndGlobal
